{
    "name": "jsgui3-basic-webpage",
    "lockfileVersion": 2,
    "requires": true,
    "packages": {
        "": {
            "name": "jsgui3-basic-webpage",
            "license": "MIT",
            "dependencies": {
                "jsgui3-html": "^0.0.106",
                "lang-tools": "^0.0.11",
                "obext": "^0.0.24"
            }
        },
        "node_modules/fnl": {
            "version": "0.0.22",
            "resolved": "https://registry.npmjs.org/fnl/-/fnl-0.0.22.tgz",
            "integrity": "sha512-qk0x73sF4b3ZNJvPsscV8DwuJ4vZnfDVe/Hux3NfeAjWEbahfrCxuc8dJQlYEnU2pZCh9JyldYpejZHUx8iqOw==",
            "dependencies": {
                "lang-mini": "^0.0.26"
            },
            "engines": {
                "node": ">=12.0.0"
            }
        },
        "node_modules/htmlparser": {
            "version": "1.7.7",
            "resolved": "https://registry.npmjs.org/htmlparser/-/htmlparser-1.7.7.tgz",
            "integrity": "sha512-zpK66ifkT0fauyFh2Mulrq4AqGTucxGtOhZ8OjkbSfcCpkqQEI8qRkY0tSQSJNAQ4HUZkgWaU4fK4EH6SVH9PQ==",
            "engines": {
                "node": ">=0.1.33"
            }
        },
        "node_modules/jsgui3-html": {
            "version": "0.0.106",
            "resolved": "https://registry.npmjs.org/jsgui3-html/-/jsgui3-html-0.0.106.tgz",
            "integrity": "sha512-yBC4+jc486OxgnJMwg7N2Il/ZDZ/xpakCKPluCzxkGrbcsr5gFjH6g17O1C2RKqVx4EZV2ZiGokAgrDeFGzmdw==",
            "dependencies": {
                "fnl": "^0.0.22",
                "htmlparser": "^1.7.7",
                "lang-tools": "^0.0.11",
                "obext": "^0.0.24",
                "url-parse": "^1.5.10"
            },
            "engines": {
                "node": ">=10.0.0"
            }
        },
        "node_modules/lang-mini": {
            "version": "0.0.26",
            "resolved": "https://registry.npmjs.org/lang-mini/-/lang-mini-0.0.26.tgz",
            "integrity": "sha512-Cig5FucYynNYHS24iJEHsFEwzmPAvmetMvFxQkYkFuuhFnf5OHNCHSdfd+lPITSKyjNMDQMDhyigegWwbs1+fg==",
            "engines": {
                "node": ">=9.0.0"
            }
        },
        "node_modules/lang-tools": {
            "version": "0.0.11",
            "resolved": "https://registry.npmjs.org/lang-tools/-/lang-tools-0.0.11.tgz",
            "integrity": "sha512-8nGjw+CBrkkOZpnQkBSaL2Y0oOqaJszhXQgCVIJCo2Oag3Qjjkr3LnY0DK0M6hgDLw8ax2iAE3v5eeOFtyalOQ==",
            "dependencies": {
                "fnl": "^0.0.21",
                "lang-mini": "0.0.26"
            },
            "engines": {
                "node": ">=12.0.0"
            }
        },
        "node_modules/lang-tools/node_modules/fnl": {
            "version": "0.0.21",
            "resolved": "https://registry.npmjs.org/fnl/-/fnl-0.0.21.tgz",
            "integrity": "sha512-5NPdgQ5pQ0WvaUJrrRNunEV9UQnnbIJFj7VnnRWIrg3WYKR8sZ+tbG1ofC5b0lVTuOmF3G+voKAbpgwEkqUgoQ==",
            "dependencies": {
                "lang-mini": "^0.0.24"
            },
            "engines": {
                "node": ">=12.0.0"
            }
        },
        "node_modules/lang-tools/node_modules/fnl/node_modules/lang-mini": {
            "version": "0.0.24",
            "resolved": "https://registry.npmjs.org/lang-mini/-/lang-mini-0.0.24.tgz",
            "integrity": "sha512-wFWjDumyteZIisYTv7+9oyFbk02gxgR2mjCBL+07nukYG+FbfFZk17rqWgp76wBIQDh7DtXKiuEJPHne1tW7xg==",
            "engines": {
                "node": ">=9.0.0"
            }
        },
        "node_modules/obext": {
            "version": "0.0.24",
            "resolved": "https://registry.npmjs.org/obext/-/obext-0.0.24.tgz",
            "integrity": "sha512-GqSIsiXd2byJJXldKBHVKh0z08+gMWqyQ9c1F9uTtgyKKeskol59+jD7DFModQPQyRNXybYftKTRBRPNpA7+lw==",
            "dependencies": {
                "lang-mini": "^0.0.26"
            },
            "engines": {
                "node": ">=12.0.0"
            }
        },
        "node_modules/querystringify": {
            "version": "2.2.0",
            "resolved": "https://registry.npmjs.org/querystringify/-/querystringify-2.2.0.tgz",
            "integrity": "sha512-FIqgj2EUvTa7R50u0rGsyTftzjYmv/a3hO345bZNrqabNqjtgiDMgmo4mkUjd+nzU5oF3dClKqFIPUKybUyqoQ=="
        },
        "node_modules/requires-port": {
            "version": "1.0.0",
            "resolved": "https://registry.npmjs.org/requires-port/-/requires-port-1.0.0.tgz",
            "integrity": "sha512-KigOCHcocU3XODJxsu8i/j8T9tzT4adHiecwORRQ0ZZFcp7ahwXuRU1m+yuO90C5ZUyGeGfocHDI14M3L3yDAQ=="
        },
        "node_modules/url-parse": {
            "version": "1.5.10",
            "resolved": "https://registry.npmjs.org/url-parse/-/url-parse-1.5.10.tgz",
            "integrity": "sha512-WypcfiRhfeUP9vvF0j6rw0J3hrWrw6iZv3+22h6iRMJ/8z1Tj6XfLP4DsUix5MhMPnXpiHDoKyoZ/bdCkwBCiQ==",
            "dependencies": {
                "querystringify": "^2.1.1",
                "requires-port": "^1.0.0"
            }
        }
    },
    "dependencies": {
        "fnl": {
            "version": "0.0.22",
            "resolved": "https://registry.npmjs.org/fnl/-/fnl-0.0.22.tgz",
            "integrity": "sha512-qk0x73sF4b3ZNJvPsscV8DwuJ4vZnfDVe/Hux3NfeAjWEbahfrCxuc8dJQlYEnU2pZCh9JyldYpejZHUx8iqOw==",
            "requires": {
                "lang-mini": "^0.0.26"
            }
        },
        "htmlparser": {
            "version": "1.7.7",
            "resolved": "https://registry.npmjs.org/htmlparser/-/htmlparser-1.7.7.tgz",
            "integrity": "sha512-zpK66ifkT0fauyFh2Mulrq4AqGTucxGtOhZ8OjkbSfcCpkqQEI8qRkY0tSQSJNAQ4HUZkgWaU4fK4EH6SVH9PQ=="
        },
        "jsgui3-html": {
            "version": "0.0.106",
            "resolved": "https://registry.npmjs.org/jsgui3-html/-/jsgui3-html-0.0.106.tgz",
            "integrity": "sha512-yBC4+jc486OxgnJMwg7N2Il/ZDZ/xpakCKPluCzxkGrbcsr5gFjH6g17O1C2RKqVx4EZV2ZiGokAgrDeFGzmdw==",
            "requires": {
                "fnl": "^0.0.22",
                "htmlparser": "^1.7.7",
                "lang-tools": "^0.0.11",
                "obext": "^0.0.24",
                "url-parse": "^1.5.10"
            }
        },
        "lang-mini": {
            "version": "0.0.26",
            "resolved": "https://registry.npmjs.org/lang-mini/-/lang-mini-0.0.26.tgz",
            "integrity": "sha512-Cig5FucYynNYHS24iJEHsFEwzmPAvmetMvFxQkYkFuuhFnf5OHNCHSdfd+lPITSKyjNMDQMDhyigegWwbs1+fg=="
        },
        "lang-tools": {
            "version": "0.0.11",
            "resolved": "https://registry.npmjs.org/lang-tools/-/lang-tools-0.0.11.tgz",
            "integrity": "sha512-8nGjw+CBrkkOZpnQkBSaL2Y0oOqaJszhXQgCVIJCo2Oag3Qjjkr3LnY0DK0M6hgDLw8ax2iAE3v5eeOFtyalOQ==",
            "requires": {
                "fnl": "^0.0.21",
                "lang-mini": "0.0.26"
            },
            "dependencies": {
                "fnl": {
                    "version": "0.0.21",
                    "resolved": "https://registry.npmjs.org/fnl/-/fnl-0.0.21.tgz",
                    "integrity": "sha512-5NPdgQ5pQ0WvaUJrrRNunEV9UQnnbIJFj7VnnRWIrg3WYKR8sZ+tbG1ofC5b0lVTuOmF3G+voKAbpgwEkqUgoQ==",
                    "requires": {
                        "lang-mini": "^0.0.24"
                    },
                    "dependencies": {
                        "lang-mini": {
                            "version": "0.0.24",
                            "resolved": "https://registry.npmjs.org/lang-mini/-/lang-mini-0.0.24.tgz",
                            "integrity": "sha512-wFWjDumyteZIisYTv7+9oyFbk02gxgR2mjCBL+07nukYG+FbfFZk17rqWgp76wBIQDh7DtXKiuEJPHne1tW7xg=="
                        }
                    }
                }
            }
        },
        "obext": {
            "version": "0.0.24",
            "resolved": "https://registry.npmjs.org/obext/-/obext-0.0.24.tgz",
            "integrity": "sha512-GqSIsiXd2byJJXldKBHVKh0z08+gMWqyQ9c1F9uTtgyKKeskol59+jD7DFModQPQyRNXybYftKTRBRPNpA7+lw==",
            "requires": {
                "lang-mini": "^0.0.26"
            }
        },
        "querystringify": {
            "version": "2.2.0",
            "resolved": "https://registry.npmjs.org/querystringify/-/querystringify-2.2.0.tgz",
            "integrity": "sha512-FIqgj2EUvTa7R50u0rGsyTftzjYmv/a3hO345bZNrqabNqjtgiDMgmo4mkUjd+nzU5oF3dClKqFIPUKybUyqoQ=="
        },
        "requires-port": {
            "version": "1.0.0",
            "resolved": "https://registry.npmjs.org/requires-port/-/requires-port-1.0.0.tgz",
            "integrity": "sha512-KigOCHcocU3XODJxsu8i/j8T9tzT4adHiecwORRQ0ZZFcp7ahwXuRU1m+yuO90C5ZUyGeGfocHDI14M3L3yDAQ=="
        },
        "url-parse": {
            "version": "1.5.10",
            "resolved": "https://registry.npmjs.org/url-parse/-/url-parse-1.5.10.tgz",
            "integrity": "sha512-WypcfiRhfeUP9vvF0j6rw0J3hrWrw6iZv3+22h6iRMJ/8z1Tj6XfLP4DsUix5MhMPnXpiHDoKyoZ/bdCkwBCiQ==",
            "requires": {
                "querystringify": "^2.1.1",
                "requires-port": "^1.0.0"
            }
        }
    }
}
